
Microsoft Visual Studio Solution File, Format Version 12.00
# Visual Studio 2013
VisualStudioVersion = 12.0.40629.0
MinimumVisualStudioVersion = 10.0.40219.1
Project("{FAE04EC0-301F-11D3-BF4B-00C04F79EFBC}") = "MDM100", "MDM100\MDM100.csproj", "{CEF0E804-748E-41A8-B22A-9ABDF0E21D63}"
EndProject
Global
	GlobalSection(SolutionConfigurationPlatforms) = preSolution
		Debug|Any CPU = Debug|Any CPU
		Release|Any CPU = Release|Any CPU
	EndGlobalSection
	GlobalSection(ProjectConfigurationPlatforms) = postSolution
		{CEF0E804-748E-41A8-B22A-9ABDF0E21D63}.Debug|Any CPU.ActiveCfg = Debug|Any CPU
		{CEF0E804-748E-41A8-B22A-9ABDF0E21D63}.Debug|Any CPU.Build.0 = Debug|Any CPU
		{CEF0E804-748E-41A8-B22A-9ABDF0E21D63}.Release|Any CPU.ActiveCfg = Release|Any CPU
		{CEF0E804-748E-41A8-B22A-9ABDF0E21D63}.Release|Any CPU.Build.0 = Release|Any CPU
	EndGlobalSection
	GlobalSection(SolutionProperties) = preSolution
		HideSolutionNode = FALSE
	EndGlobalSection
EndGlobal
